
Microsoft Visual Studio Solution File, Format Version 12.00
# Visual Studio 15
VisualStudioVersion = 15.0.28307.902
MinimumVisualStudioVersion = 10.0.40219.1
Project("{9A19103F-16F7-4668-BE54-9A1E7A4F7556}") = "ProductListWebApp", "ProductListWebApp.csproj", "{83B3ECA5-313E-4384-8BA8-2DF26171E96C}"
EndProject
Project("{9A19103F-16F7-4668-BE54-9A1E7A4F7556}") = "ProductListWebApp.Test", "..\ProductListWebApp.Test\ProductListWebApp.Test.csproj", "{932663A4-B823-4A6C-929B-AAEA992A9858}"
EndProject
Global
	GlobalSection(SolutionConfigurationPlatforms) = preSolution
		Debug|Any CPU = Debug|Any CPU
		Release|Any CPU = Release|Any CPU
	EndGlobalSection
	GlobalSection(ProjectConfigurationPlatforms) = postSolution
		{83B3ECA5-313E-4384-8BA8-2DF26171E96C}.Debug|Any CPU.ActiveCfg = Debug|Any CPU
		{83B3ECA5-313E-4384-8BA8-2DF26171E96C}.Debug|Any CPU.Build.0 = Debug|Any CPU
		{83B3ECA5-313E-4384-8BA8-2DF26171E96C}.Release|Any CPU.ActiveCfg = Release|Any CPU
		{83B3ECA5-313E-4384-8BA8-2DF26171E96C}.Release|Any CPU.Build.0 = Release|Any CPU
		{932663A4-B823-4A6C-929B-AAEA992A9858}.Debug|Any CPU.ActiveCfg = Debug|Any CPU
		{932663A4-B823-4A6C-929B-AAEA992A9858}.Debug|Any CPU.Build.0 = Debug|Any CPU
		{932663A4-B823-4A6C-929B-AAEA992A9858}.Release|Any CPU.ActiveCfg = Release|Any CPU
		{932663A4-B823-4A6C-929B-AAEA992A9858}.Release|Any CPU.Build.0 = Release|Any CPU
	EndGlobalSection
	GlobalSection(SolutionProperties) = preSolution
		HideSolutionNode = FALSE
	EndGlobalSection
	GlobalSection(ExtensibilityGlobals) = postSolution
		SolutionGuid = {3029EDE4-611B-49A1-8DB4-CF843739B358}
	EndGlobalSection
EndGlobal
